{
  "nodes": {
    "flakeNimbleLib": {
      "inputs": {
        "nixpkgs": [
          "nixpkgs"
        ]
      },
      "locked": {
        "lastModified": 1662018438,
        "narHash": "sha256-QtNtU6+LX3Wokxf0zlFwKTFOcn6TeDjKQZ+DA9OYtvM=",
        "owner": "riinr",
        "repo": "nim-flakes-lib",
        "rev": "b1fe8340736e3a85d25c709ac3dfd82a55c03cbf",
        "type": "github"
      },
      "original": {
        "owner": "riinr",
        "ref": "master",
        "repo": "nim-flakes-lib",
        "type": "github"
      }
    },
    "loopfusion-master": {
      "inputs": {
        "flakeNimbleLib": [
          "flakeNimbleLib"
        ],
        "nixpkgs": [
          "nixpkgs"
        ],
        "src-loopfusion-master": "src-loopfusion-master"
      },
      "locked": {
        "dir": "master",
        "lastModified": 1662254591,
        "narHash": "sha256-4Arh0N2rHE5qnvNw6kVvGLrgmdHNWw9KfrfvpDHUOyI=",
        "owner": "nim-nix-pkgs",
        "repo": "loopfusion",
        "rev": "78cd8f3e3c321aaa6f0802af14d182b27cbc35c8",
        "type": "github"
      },
      "original": {
        "dir": "master",
        "owner": "nim-nix-pkgs",
        "ref": "master",
        "repo": "loopfusion",
        "type": "github"
      }
    },
    "nixpkgs": {
      "locked": {
        "lastModified": 1667110639,
        "narHash": "sha256-4FbPESZ5LbqQxkJJJBAfk/zKgF9h/4kyUwjjpJwYlbc=",
        "owner": "NixOS",
        "repo": "nixpkgs",
        "rev": "f38a1f04d1bec1feb61fd101a0539ae2002a7087",
        "type": "github"
      },
      "original": {
        "id": "nixpkgs",
        "type": "indirect"
      }
    },
    "root": {
      "inputs": {
        "flakeNimbleLib": "flakeNimbleLib",
        "loopfusion-master": "loopfusion-master",
        "nixpkgs": "nixpkgs"
      }
    },
    "src-loopfusion-master": {
      "flake": false,
      "locked": {
        "lastModified": 1556266904,
        "narHash": "sha256-Dt9hYL9NOTPZY20/ZpfzTNFbRZgOM4163S/+zXKb5C4=",
        "owner": "numforge",
        "repo": "loopfusion",
        "rev": "99d80117a604272a691bc8e34ad4bb49da34e7c6",
        "type": "github"
      },
      "original": {
        "owner": "numforge",
        "ref": "refs/heads/master",
        "repo": "loopfusion",
        "type": "github"
      }
    }
  },
  "root": "root",
  "version": 7
}
